
Microsoft Visual Studio Solution File, Format Version 12.00
# Visual Studio Version 17
VisualStudioVersion = 17.7.34024.191
MinimumVisualStudioVersion = 10.0.40219.1
Project("{FAE04EC0-301F-11D3-BF4B-00C04F79EFBC}") = "DevOps-CP2-4S", "DevOps-CP2-4S\DevOps-CP2-4S.csproj", "{60757501-0B24-46B6-8918-C909BBA9B7AE}"
EndProject
Project("{FAE04EC0-301F-11D3-BF4B-00C04F79EFBC}") = "Domain", "Domain\Domain.csproj", "{38DA2A8A-5894-477B-93BE-914A25DAEAD0}"
EndProject
Project("{FAE04EC0-301F-11D3-BF4B-00C04F79EFBC}") = "Infra", "Infra\Infra.csproj", "{6889F1AF-C054-42F7-8091-5E61B85685D7}"
EndProject
Project("{FAE04EC0-301F-11D3-BF4B-00C04F79EFBC}") = "Services", "Services\Services.csproj", "{2CC3676F-47B9-47FD-8CED-76064075F3E8}"
EndProject
Project("{FAE04EC0-301F-11D3-BF4B-00C04F79EFBC}") = "Common", "Common\Common.csproj", "{D365D705-804D-4D1F-8F79-63DBDF3028AA}"
EndProject
Global
	GlobalSection(SolutionConfigurationPlatforms) = preSolution
		Debug|Any CPU = Debug|Any CPU
		Release|Any CPU = Release|Any CPU
	EndGlobalSection
	GlobalSection(ProjectConfigurationPlatforms) = postSolution
		{60757501-0B24-46B6-8918-C909BBA9B7AE}.Debug|Any CPU.ActiveCfg = Debug|Any CPU
		{60757501-0B24-46B6-8918-C909BBA9B7AE}.Debug|Any CPU.Build.0 = Debug|Any CPU
		{60757501-0B24-46B6-8918-C909BBA9B7AE}.Release|Any CPU.ActiveCfg = Release|Any CPU
		{60757501-0B24-46B6-8918-C909BBA9B7AE}.Release|Any CPU.Build.0 = Release|Any CPU
		{38DA2A8A-5894-477B-93BE-914A25DAEAD0}.Debug|Any CPU.ActiveCfg = Debug|Any CPU
		{38DA2A8A-5894-477B-93BE-914A25DAEAD0}.Debug|Any CPU.Build.0 = Debug|Any CPU
		{38DA2A8A-5894-477B-93BE-914A25DAEAD0}.Release|Any CPU.ActiveCfg = Release|Any CPU
		{38DA2A8A-5894-477B-93BE-914A25DAEAD0}.Release|Any CPU.Build.0 = Release|Any CPU
		{6889F1AF-C054-42F7-8091-5E61B85685D7}.Debug|Any CPU.ActiveCfg = Debug|Any CPU
		{6889F1AF-C054-42F7-8091-5E61B85685D7}.Debug|Any CPU.Build.0 = Debug|Any CPU
		{6889F1AF-C054-42F7-8091-5E61B85685D7}.Release|Any CPU.ActiveCfg = Release|Any CPU
		{6889F1AF-C054-42F7-8091-5E61B85685D7}.Release|Any CPU.Build.0 = Release|Any CPU
		{2CC3676F-47B9-47FD-8CED-76064075F3E8}.Debug|Any CPU.ActiveCfg = Debug|Any CPU
		{2CC3676F-47B9-47FD-8CED-76064075F3E8}.Debug|Any CPU.Build.0 = Debug|Any CPU
		{2CC3676F-47B9-47FD-8CED-76064075F3E8}.Release|Any CPU.ActiveCfg = Release|Any CPU
		{2CC3676F-47B9-47FD-8CED-76064075F3E8}.Release|Any CPU.Build.0 = Release|Any CPU
		{D365D705-804D-4D1F-8F79-63DBDF3028AA}.Debug|Any CPU.ActiveCfg = Debug|Any CPU
		{D365D705-804D-4D1F-8F79-63DBDF3028AA}.Debug|Any CPU.Build.0 = Debug|Any CPU
		{D365D705-804D-4D1F-8F79-63DBDF3028AA}.Release|Any CPU.ActiveCfg = Release|Any CPU
		{D365D705-804D-4D1F-8F79-63DBDF3028AA}.Release|Any CPU.Build.0 = Release|Any CPU
	EndGlobalSection
	GlobalSection(SolutionProperties) = preSolution
		HideSolutionNode = FALSE
	EndGlobalSection
	GlobalSection(ExtensibilityGlobals) = postSolution
		SolutionGuid = {2404D965-86DA-4E50-969D-D3D46B819F28}
	EndGlobalSection
EndGlobal
